
Microsoft Visual Studio Solution File, Format Version 12.00
# Visual Studio Version 16
VisualStudioVersion = 16.0.31624.102
MinimumVisualStudioVersion = 10.0.40219.1
Project("{FAE04EC0-301F-11D3-BF4B-00C04F79EFBC}") = "PracticaDominical", "PracticaDominical\PracticaDominical.csproj", "{985B786B-FB22-40AC-8385-4A669B28FAEE}"
EndProject
Project("{FAE04EC0-301F-11D3-BF4B-00C04F79EFBC}") = "Domain", "Domain\Domain.csproj", "{EDD070FB-5D01-422D-B2FE-7F3A5DEBCE27}"
EndProject
Project("{FAE04EC0-301F-11D3-BF4B-00C04F79EFBC}") = "Repository", "Repository\Repository.csproj", "{F1B673F7-B526-4B66-9601-552FA36871D6}"
EndProject
Global
	GlobalSection(SolutionConfigurationPlatforms) = preSolution
		Debug|Any CPU = Debug|Any CPU
		Release|Any CPU = Release|Any CPU
	EndGlobalSection
	GlobalSection(ProjectConfigurationPlatforms) = postSolution
		{985B786B-FB22-40AC-8385-4A669B28FAEE}.Debug|Any CPU.ActiveCfg = Debug|Any CPU
		{985B786B-FB22-40AC-8385-4A669B28FAEE}.Debug|Any CPU.Build.0 = Debug|Any CPU
		{985B786B-FB22-40AC-8385-4A669B28FAEE}.Release|Any CPU.ActiveCfg = Release|Any CPU
		{985B786B-FB22-40AC-8385-4A669B28FAEE}.Release|Any CPU.Build.0 = Release|Any CPU
		{EDD070FB-5D01-422D-B2FE-7F3A5DEBCE27}.Debug|Any CPU.ActiveCfg = Debug|Any CPU
		{EDD070FB-5D01-422D-B2FE-7F3A5DEBCE27}.Debug|Any CPU.Build.0 = Debug|Any CPU
		{EDD070FB-5D01-422D-B2FE-7F3A5DEBCE27}.Release|Any CPU.ActiveCfg = Release|Any CPU
		{EDD070FB-5D01-422D-B2FE-7F3A5DEBCE27}.Release|Any CPU.Build.0 = Release|Any CPU
		{F1B673F7-B526-4B66-9601-552FA36871D6}.Debug|Any CPU.ActiveCfg = Debug|Any CPU
		{F1B673F7-B526-4B66-9601-552FA36871D6}.Debug|Any CPU.Build.0 = Debug|Any CPU
		{F1B673F7-B526-4B66-9601-552FA36871D6}.Release|Any CPU.ActiveCfg = Release|Any CPU
		{F1B673F7-B526-4B66-9601-552FA36871D6}.Release|Any CPU.Build.0 = Release|Any CPU
	EndGlobalSection
	GlobalSection(SolutionProperties) = preSolution
		HideSolutionNode = FALSE
	EndGlobalSection
	GlobalSection(ExtensibilityGlobals) = postSolution
		SolutionGuid = {3AE76947-25C0-4B4F-8EA6-9EBA571B8B93}
	EndGlobalSection
EndGlobal
